Microsoft Visual Studio Solution File, Format Version 12.00
# Visual Studio Version 16
VisualStudioVersion = 16.0.0.0
MinimumVisualStudioVersion = 16.0.0.0
Project("{9A19103F-16F7-4668-BE54-9A1E7A4F7556}") = "Vts.Gui.BlazorHybrid", "Vts.Gui.BlazorHybrid\Vts.Gui.BlazorHybrid.csproj", "{24A832F6-FF05-42F3-92C0-37DA25560723}"
EndProject
Project("{FAE04EC0-301F-11D3-BF4B-00C04F79EFBC}") = "Vts.Gui.BlazorHybrid.Android", "Vts.Gui.BlazorHybrid.Android\Vts.Gui.BlazorHybrid.Android.csproj", "{0D002403-F4F4-4E13-A887-AD8AE406895F}"
EndProject
Project("{FAE04EC0-301F-11D3-BF4B-00C04F79EFBC}") = "Vts.Gui.BlazorHybrid.iOS", "Vts.Gui.BlazorHybrid.iOS\Vts.Gui.BlazorHybrid.iOS.csproj", "{E275620E-0A43-4C03-BC5E-B0C993369B30}"
EndProject
Project("{FAE04EC0-301F-11D3-BF4B-00C04F79EFBC}") = "Vts.Gui.BlazorHybrid.Windows", "Vts.Gui.BlazorHybrid.Windows\Vts.Gui.BlazorHybrid.Windows.csproj", "{55E9828D-C2BD-48F0-9DDD-FC4152D2B960}"
EndProject
Project("{FAE04EC0-301F-11D3-BF4B-00C04F79EFBC}") = "Vts.Gui.BlazorHybrid.macOS", "Vts.Gui.BlazorHybrid.macOS\Vts.Gui.BlazorHybrid.macOS.csproj", "{A0B7D673-FCCC-4B30-9E80-844C758D0916}"
EndProject
Global
	GlobalSection(SolutionConfigurationPlatforms) = preSolution
		Debug|Any CPU = Debug|Any CPU
		Debug|iPhone = Debug|iPhone
		Debug|iPhoneSimulator = Debug|iPhoneSimulator
		Debug|x64 = Debug|x64
		Debug|x86 = Debug|x86
		Release|Any CPU = Release|Any CPU
		Release|iPhone = Release|iPhone
		Release|iPhoneSimulator = Release|iPhoneSimulator
		Release|x64 = Release|x64
		Release|x86 = Release|x86
	EndGlobalSection
	GlobalSection(ProjectConfigurationPlatforms) = postSolution
		{0D002403-F4F4-4E13-A887-AD8AE406895F}.Debug|Any CPU.ActiveCfg = Debug|Any CPU
		{0D002403-F4F4-4E13-A887-AD8AE406895F}.Debug|Any CPU.Build.0 = Debug|Any CPU
		{0D002403-F4F4-4E13-A887-AD8AE406895F}.Debug|Any CPU.Deploy.0 = Debug|Any CPU
		{0D002403-F4F4-4E13-A887-AD8AE406895F}.Debug|iPhone.ActiveCfg = Debug|Any CPU
		{0D002403-F4F4-4E13-A887-AD8AE406895F}.Debug|iPhone.Build.0 = Debug|Any CPU
		{0D002403-F4F4-4E13-A887-AD8AE406895F}.Debug|iPhone.Deploy.0 = Debug|Any CPU
		{0D002403-F4F4-4E13-A887-AD8AE406895F}.Debug|iPhoneSimulator.ActiveCfg = Debug|Any CPU
		{0D002403-F4F4-4E13-A887-AD8AE406895F}.Debug|iPhoneSimulator.Build.0 = Debug|Any CPU
		{0D002403-F4F4-4E13-A887-AD8AE406895F}.Debug|iPhoneSimulator.Deploy.0 = Debug|Any CPU
		{0D002403-F4F4-4E13-A887-AD8AE406895F}.Debug|x64.ActiveCfg = Debug|Any CPU
		{0D002403-F4F4-4E13-A887-AD8AE406895F}.Debug|x64.Build.0 = Debug|Any CPU
		{0D002403-F4F4-4E13-A887-AD8AE406895F}.Debug|x64.Deploy.0 = Debug|Any CPU
		{0D002403-F4F4-4E13-A887-AD8AE406895F}.Debug|x86.ActiveCfg = Debug|Any CPU
		{0D002403-F4F4-4E13-A887-AD8AE406895F}.Debug|x86.Build.0 = Debug|Any CPU
		{0D002403-F4F4-4E13-A887-AD8AE406895F}.Debug|x86.Deploy.0 = Debug|Any CPU
		{0D002403-F4F4-4E13-A887-AD8AE406895F}.Release|Any CPU.ActiveCfg = Release|Any CPU
		{0D002403-F4F4-4E13-A887-AD8AE406895F}.Release|Any CPU.Build.0 = Release|Any CPU
		{0D002403-F4F4-4E13-A887-AD8AE406895F}.Release|Any CPU.Deploy.0 = Release|Any CPU
		{0D002403-F4F4-4E13-A887-AD8AE406895F}.Release|iPhone.ActiveCfg = Release|Any CPU
		{0D002403-F4F4-4E13-A887-AD8AE406895F}.Release|iPhone.Build.0 = Release|Any CPU
		{0D002403-F4F4-4E13-A887-AD8AE406895F}.Release|iPhone.Deploy.0 = Release|Any CPU
		{0D002403-F4F4-4E13-A887-AD8AE406895F}.Release|iPhoneSimulator.ActiveCfg = Release|Any CPU
		{0D002403-F4F4-4E13-A887-AD8AE406895F}.Release|iPhoneSimulator.Build.0 = Release|Any CPU
		{0D002403-F4F4-4E13-A887-AD8AE406895F}.Release|iPhoneSimulator.Deploy.0 = Release|Any CPU
		{0D002403-F4F4-4E13-A887-AD8AE406895F}.Release|x64.ActiveCfg = Release|Any CPU
		{0D002403-F4F4-4E13-A887-AD8AE406895F}.Release|x64.Build.0 = Release|Any CPU
		{0D002403-F4F4-4E13-A887-AD8AE406895F}.Release|x64.Deploy.0 = Release|Any CPU
		{0D002403-F4F4-4E13-A887-AD8AE406895F}.Release|x86.ActiveCfg = Release|Any CPU
		{0D002403-F4F4-4E13-A887-AD8AE406895F}.Release|x86.Build.0 = Release|Any CPU
		{0D002403-F4F4-4E13-A887-AD8AE406895F}.Release|x86.Deploy.0 = Release|Any CPU
		{24A832F6-FF05-42F3-92C0-37DA25560723}.Debug|Any CPU.ActiveCfg = Debug|Any CPU
		{24A832F6-FF05-42F3-92C0-37DA25560723}.Debug|Any CPU.Build.0 = Debug|Any CPU
		{24A832F6-FF05-42F3-92C0-37DA25560723}.Debug|iPhone.ActiveCfg = Debug|Any CPU
		{24A832F6-FF05-42F3-92C0-37DA25560723}.Debug|iPhone.Build.0 = Debug|Any CPU
		{24A832F6-FF05-42F3-92C0-37DA25560723}.Debug|iPhoneSimulator.ActiveCfg = Debug|Any CPU
		{24A832F6-FF05-42F3-92C0-37DA25560723}.Debug|iPhoneSimulator.Build.0 = Debug|Any CPU
		{24A832F6-FF05-42F3-92C0-37DA25560723}.Debug|x64.ActiveCfg = Debug|Any CPU
		{24A832F6-FF05-42F3-92C0-37DA25560723}.Debug|x64.Build.0 = Debug|Any CPU
		{24A832F6-FF05-42F3-92C0-37DA25560723}.Debug|x86.ActiveCfg = Debug|Any CPU
		{24A832F6-FF05-42F3-92C0-37DA25560723}.Debug|x86.Build.0 = Debug|Any CPU
		{24A832F6-FF05-42F3-92C0-37DA25560723}.Release|Any CPU.ActiveCfg = Release|Any CPU
		{24A832F6-FF05-42F3-92C0-37DA25560723}.Release|Any CPU.Build.0 = Release|Any CPU
		{24A832F6-FF05-42F3-92C0-37DA25560723}.Release|iPhone.ActiveCfg = Release|Any CPU
		{24A832F6-FF05-42F3-92C0-37DA25560723}.Release|iPhone.Build.0 = Release|Any CPU
		{24A832F6-FF05-42F3-92C0-37DA25560723}.Release|iPhoneSimulator.ActiveCfg = Release|Any CPU
		{24A832F6-FF05-42F3-92C0-37DA25560723}.Release|iPhoneSimulator.Build.0 = Release|Any CPU
		{24A832F6-FF05-42F3-92C0-37DA25560723}.Release|x64.ActiveCfg = Release|Any CPU
		{24A832F6-FF05-42F3-92C0-37DA25560723}.Release|x64.Build.0 = Release|Any CPU
		{24A832F6-FF05-42F3-92C0-37DA25560723}.Release|x86.ActiveCfg = Release|Any CPU
		{24A832F6-FF05-42F3-92C0-37DA25560723}.Release|x86.Build.0 = Release|Any CPU
		{E275620E-0A43-4C03-BC5E-B0C993369B30}.Debug|Any CPU.ActiveCfg = Debug|iPhone
		{E275620E-0A43-4C03-BC5E-B0C993369B30}.Debug|iPhone.ActiveCfg = Debug|iPhone
		{E275620E-0A43-4C03-BC5E-B0C993369B30}.Debug|iPhone.Build.0 = Debug|iPhone
		{E275620E-0A43-4C03-BC5E-B0C993369B30}.Debug|iPhoneSimulator.ActiveCfg = Debug|iPhoneSimulator
		{E275620E-0A43-4C03-BC5E-B0C993369B30}.Debug|iPhoneSimulator.Build.0 = Debug|iPhoneSimulator
		{E275620E-0A43-4C03-BC5E-B0C993369B30}.Debug|x64.ActiveCfg = Debug|iPhone
		{E275620E-0A43-4C03-BC5E-B0C993369B30}.Debug|x86.ActiveCfg = Debug|iPhone
		{E275620E-0A43-4C03-BC5E-B0C993369B30}.Release|Any CPU.ActiveCfg = Release|iPhone
		{E275620E-0A43-4C03-BC5E-B0C993369B30}.Release|iPhone.ActiveCfg = Release|iPhone
		{E275620E-0A43-4C03-BC5E-B0C993369B30}.Release|iPhone.Build.0 = Release|iPhone
		{E275620E-0A43-4C03-BC5E-B0C993369B30}.Release|iPhoneSimulator.ActiveCfg = Release|iPhoneSimulator
		{E275620E-0A43-4C03-BC5E-B0C993369B30}.Release|iPhoneSimulator.Build.0 = Release|iPhoneSimulator
		{E275620E-0A43-4C03-BC5E-B0C993369B30}.Release|x64.ActiveCfg = Release|iPhone
		{E275620E-0A43-4C03-BC5E-B0C993369B30}.Release|x86.ActiveCfg = Release|iPhone
		{55E9828D-C2BD-48F0-9DDD-FC4152D2B960}.Debug|Any CPU.ActiveCfg = Debug|Any CPU
		{55E9828D-C2BD-48F0-9DDD-FC4152D2B960}.Debug|Any CPU.Build.0 = Debug|Any CPU
		{55E9828D-C2BD-48F0-9DDD-FC4152D2B960}.Debug|iPhone.ActiveCfg = Debug|Any CPU
		{55E9828D-C2BD-48F0-9DDD-FC4152D2B960}.Debug|iPhone.Build.0 = Debug|Any CPU
		{55E9828D-C2BD-48F0-9DDD-FC4152D2B960}.Debug|iPhoneSimulator.ActiveCfg = Debug|Any CPU
		{55E9828D-C2BD-48F0-9DDD-FC4152D2B960}.Debug|iPhoneSimulator.Build.0 = Debug|Any CPU
		{55E9828D-C2BD-48F0-9DDD-FC4152D2B960}.Release|Any CPU.ActiveCfg = Release|Any CPU
		{55E9828D-C2BD-48F0-9DDD-FC4152D2B960}.Release|Any CPU.Build.0 = Release|Any CPU
		{55E9828D-C2BD-48F0-9DDD-FC4152D2B960}.Release|iPhone.ActiveCfg = Release|Any CPU
		{55E9828D-C2BD-48F0-9DDD-FC4152D2B960}.Release|iPhone.Build.0 = Release|Any CPU
		{55E9828D-C2BD-48F0-9DDD-FC4152D2B960}.Release|iPhoneSimulator.ActiveCfg = Release|Any CPU
		{55E9828D-C2BD-48F0-9DDD-FC4152D2B960}.Release|iPhoneSimulator.Build.0 = Release|Any CPU
		{A0B7D673-FCCC-4B30-9E80-844C758D0916}.Debug|Any CPU.ActiveCfg = Debug|Any CPU
		{A0B7D673-FCCC-4B30-9E80-844C758D0916}.Debug|Any CPU.Build.0 = Debug|Any CPU
		{A0B7D673-FCCC-4B30-9E80-844C758D0916}.Debug|iPhone.ActiveCfg = Debug|Any CPU
		{A0B7D673-FCCC-4B30-9E80-844C758D0916}.Debug|iPhone.Build.0 = Debug|Any CPU
		{A0B7D673-FCCC-4B30-9E80-844C758D0916}.Debug|iPhoneSimulator.ActiveCfg = Debug|Any CPU
		{A0B7D673-FCCC-4B30-9E80-844C758D0916}.Debug|iPhoneSimulator.Build.0 = Debug|Any CPU
		{A0B7D673-FCCC-4B30-9E80-844C758D0916}.Release|Any CPU.ActiveCfg = Release|Any CPU
		{A0B7D673-FCCC-4B30-9E80-844C758D0916}.Release|Any CPU.Build.0 = Release|Any CPU
		{A0B7D673-FCCC-4B30-9E80-844C758D0916}.Release|iPhone.ActiveCfg = Release|Any CPU
		{A0B7D673-FCCC-4B30-9E80-844C758D0916}.Release|iPhone.Build.0 = Release|Any CPU
		{A0B7D673-FCCC-4B30-9E80-844C758D0916}.Release|iPhoneSimulator.ActiveCfg = Release|Any CPU
		{A0B7D673-FCCC-4B30-9E80-844C758D0916}.Release|iPhoneSimulator.Build.0 = Release|Any CPU
	EndGlobalSection
	GlobalSection(SolutionProperties) = preSolution
		HideSolutionNode = FALSE
	EndGlobalSection
	GlobalSection(ExtensibilityGlobals) = postSolution
		SolutionGuid = {F2D08057-1ABC-4373-9BF3-8DC8467F5616}
	EndGlobalSection
EndGlobal
